// !$*UTF8*$!
{
	archiveVersion = 1;
	classes = {
	};
	objectVersion = 56;
	objects = {

/* Begin PBXBuildFile section */
		D4AF653F2AD5C395000C2BFA /* testSwiftUIApp.swift in Sources */ = {isa = PBXBuildFile; fileRef = D4AF653E2AD5C395000C2BFA /* testSwiftUIApp.swift */; };
		D4AF65412AD5C395000C2BFA /* ContentView.swift in Sources */ = {isa = PBXBuildFile; fileRef = D4AF65402AD5C395000C2BFA /* ContentView.swift */; };
		D4AF65432AD5C397000C2BFA /* Assets.xcassets in Resources */ = {isa = PBXBuildFile; fileRef = D4AF65422AD5C397000C2BFA /* Assets.xcassets */; };
		D4AF65462AD5C397000C2BFA /* Preview Assets.xcassets in Resources */ = {isa = PBXBuildFile; fileRef = D4AF65452AD5C397000C2BFA /* Preview Assets.xcassets */; };
		D4AF65502AD5C397000C2BFA /* testSwiftUITests.swift in Sources */ = {isa = PBXBuildFile; fileRef = D4AF654F2AD5C397000C2BFA /* testSwiftUITests.swift */; };
		D4AF655A2AD5C397000C2BFA /* testSwiftUIUITests.swift in Sources */ = {isa = PBXBuildFile; fileRef = D4AF65592AD5C397000C2BFA /* testSwiftUIUITests.swift */; };
		D4AF655C2AD5C397000C2BFA /* testSwiftUIUITestsLaunchTests.swift in Sources */ = {isa = PBXBuildFile; fileRef = D4AF655B2AD5C397000C2BFA /* testSwiftUIUITestsLaunchTests.swift */; };
/* End PBXBuildFile section */

/* Begin PBXContainerItemProxy section */
		D4AF654C2AD5C397000C2BFA /* PBXContainerItemProxy */ = {
			isa = PBXContainerItemProxy;
			containerPortal = D4AF65332AD5C395000C2BFA /* Project object */;
			proxyType = 1;
			remoteGlobalIDString = D4AF653A2AD5C395000C2BFA;
			remoteInfo = testSwiftUI;
		};
		D4AF65562AD5C397000C2BFA /* PBXContainerItemProxy */ = {
			isa = PBXContainerItemProxy;
			containerPortal = D4AF65332AD5C395000C2BFA /* Project object */;
			proxyType = 1;
			remoteGlobalIDString = D4AF653A2AD5C395000C2BFA;
			remoteInfo = testSwiftUI;
		};
/* End PBXContainerItemProxy section */

/* Begin PBXFileReference section */
		D4AF653B2AD5C395000C2BFA /* testSwiftUI.app */ = {isa = PBXFileReference; explicitFileType = wrapper.application; includeInIndex = 0; path = testSwiftUI.app; sourceTree = BUILT_PRODUCTS_DIR; };
		D4AF653E2AD5C395000C2BFA /* testSwiftUIApp.swift */ = {isa = PBXFileReference; lastKnownFileType = sourcecode.swift; path = testSwiftUIApp.swift; sourceTree = "<group>"; };
		D4AF65402AD5C395000C2BFA /* ContentView.swift */ = {isa = PBXFileReference; lastKnownFileType = sourcecode.swift; path = ContentView.swift; sourceTree = "<group>"; };
		D4AF65422AD5C397000C2BFA /* Assets.xcassets */ = {isa = PBXFileReference; lastKnownFileType = folder.assetcatalog; path = Assets.xcassets; sourceTree = "<group>"; };
		D4AF65452AD5C397000C2BFA /* Preview Assets.xcassets */ = {isa = PBXFileReference; lastKnownFileType = folder.assetcatalog; path = "Preview Assets.xcassets"; sourceTree = "<group>"; };
		D4AF654B2AD5C397000C2BFA /* testSwiftUITests.xctest */ = {isa = PBXFileReference; explicitFileType = wrapper.cfbundle; includeInIndex = 0; path = testSwiftUITests.xctest; sourceTree = BUILT_PRODUCTS_DIR; };
		D4AF654F2AD5C397000C2BFA /* testSwiftUITests.swift */ = {isa = PBXFileReference; lastKnownFileType = sourcecode.swift; path = testSwiftUITests.swift; sourceTree = "<group>"; };
		D4AF65552AD5C397000C2BFA /* testSwiftUIUITests.xctest */ = {isa = PBXFileReference; explicitFileType = wrapper.cfbundle; includeInIndex = 0; path = testSwiftUIUITests.xctest; sourceTree = BUILT_PRODUCTS_DIR; };
		D4AF65592AD5C397000C2BFA /* testSwiftUIUITests.swift */ = {isa = PBXFileReference; lastKnownFileType = sourcecode.swift; path = testSwiftUIUITests.swift; sourceTree = "<group>"; };
		D4AF655B2AD5C397000C2BFA /* testSwiftUIUITestsLaunchTests.swift */ = {isa = PBXFileReference; lastKnownFileType = sourcecode.swift; path = testSwiftUIUITestsLaunchTests.swift; sourceTree = "<group>"; };
/* End PBXFileReference section */

/* Begin PBXFrameworksBuildPhase section */
		D4AF65382AD5C395000C2BFA /* Frameworks */ = {
			isa = PBXFrameworksBuildPhase;
			buildActionMask = 2147483647;
			files = (
			);
			runOnlyForDeploymentPostprocessing = 0;
		};
		D4AF65482AD5C397000C2BFA /* Frameworks */ = {
			isa = PBXFrameworksBuildPhase;
			buildActionMask = 2147483647;
			files = (
			);
			runOnlyForDeploymentPostprocessing = 0;
		};
		D4AF65522AD5C397000C2BFA /* Frameworks */ = {
			isa = PBXFrameworksBuildPhase;
			buildActionMask = 2147483647;
			files = (
			);
			runOnlyForDeploymentPostprocessing = 0;
		};
/* End PBXFrameworksBuildPhase section */

/* Begin PBXGroup section */
		D4AF65322AD5C395000C2BFA = {
			isa = PBXGroup;
			children = (
				D4AF653D2AD5C395000C2BFA /* testSwiftUI */,
				D4AF654E2AD5C397000C2BFA /* testSwiftUITests */,
				D4AF65582AD5C397000C2BFA /* testSwiftUIUITests */,
				D4AF653C2AD5C395000C2BFA /* Products */,
			);
			sourceTree = "<group>";
		};
		D4AF653C2AD5C395000C2BFA /* Products */ = {
			isa = PBXGroup;
			children = (
				D4AF653B2AD5C395000C2BFA /* testSwiftUI.app */,
				D4AF654B2AD5C397000C2BFA /* testSwiftUITests.xctest */,
				D4AF65552AD5C397000C2BFA /* testSwiftUIUITests.xctest */,
			);
			name = Products;
			sourceTree = "<group>";
		};
		D4AF653D2AD5C395000C2BFA /* testSwiftUI */ = {
			isa = PBXGroup;
			children = (
				D4AF653E2AD5C395000C2BFA /* testSwiftUIApp.swift */,
				D4AF65402AD5C395000C2BFA /* ContentView.swift */,
				D4AF65422AD5C397000C2BFA /* Assets.xcassets */,
				D4AF65442AD5C397000C2BFA /* Preview Content */,
			);
			path = testSwiftUI;
			sourceTree = "<group>";
		};
		D4AF65442AD5C397000C2BFA /* Preview Content */ = {
			isa = PBXGroup;
			children = (
				D4AF65452AD5C397000C2BFA /* Preview Assets.xcassets */,
			);
			path = "Preview Content";
			sourceTree = "<group>";
		};
		D4AF654E2AD5C397000C2BFA /* testSwiftUITests */ = {
			isa = PBXGroup;
			children = (
				D4AF654F2AD5C397000C2BFA /* testSwiftUITests.swift */,
			);
			path = testSwiftUITests;
			sourceTree = "<group>";
		};
		D4AF65582AD5C397000C2BFA /* testSwiftUIUITests */ = {
			isa = PBXGroup;
			children = (
				D4AF65592AD5C397000C2BFA /* testSwiftUIUITests.swift */,
				D4AF655B2AD5C397000C2BFA /* testSwiftUIUITestsLaunchTests.swift */,
			);
			path = testSwiftUIUITests;
			sourceTree = "<group>";
		};
/* End PBXGroup section */

/* Begin PBXNativeTarget section */
		D4AF653A2AD5C395000C2BFA /* testSwiftUI */ = {
			isa = PBXNativeTarget;
			buildConfigurationList = D4AF655F2AD5C397000C2BFA /* Build configuration list for PBXNativeTarget "testSwiftUI" */;
			buildPhases = (
				D4AF65372AD5C395000C2BFA /* Sources */,
				D4AF65382AD5C395000C2BFA /* Frameworks */,
				D4AF65392AD5C395000C2BFA /* Resources */,
			);
			buildRules = (
			);
			dependencies = (
			);
			name = testSwiftUI;
			productName = testSwiftUI;
			productReference = D4AF653B2AD5C395000C2BFA /* testSwiftUI.app */;
			productType = "com.apple.product-type.application";
		};
		D4AF654A2AD5C397000C2BFA /* testSwiftUITests */ = {
			isa = PBXNativeTarget;
			buildConfigurationList = D4AF65622AD5C397000C2BFA /* Build configuration list for PBXNativeTarget "testSwiftUITests" */;
			buildPhases = (
				D4AF65472AD5C397000C2BFA /* Sources */,
				D4AF65482AD5C397000C2BFA /* Frameworks */,
				D4AF65492AD5C397000C2BFA /* Resources */,
			);
			buildRules = (
			);
			dependencies = (
				D4AF654D2AD5C397000C2BFA /* PBXTargetDependency */,
			);
			name = testSwiftUITests;
			productName = testSwiftUITests;
			productReference = D4AF654B2AD5C397000C2BFA /* testSwiftUITests.xctest */;
			productType = "com.apple.product-type.bundle.unit-test";
		};
		D4AF65542AD5C397000C2BFA /* testSwiftUIUITests */ = {
			isa = PBXNativeTarget;
			buildConfigurationList = D4AF65652AD5C397000C2BFA /* Build configuration list for PBXNativeTarget "testSwiftUIUITests" */;
			buildPhases = (
				D4AF65512AD5C397000C2BFA /* Sources */,
				D4AF65522AD5C397000C2BFA /* Frameworks */,
				D4AF65532AD5C397000C2BFA /* Resources */,
			);
			buildRules = (
			);
			dependencies = (
				D4AF65572AD5C397000C2BFA /* PBXTargetDependency */,
			);
			name = testSwiftUIUITests;
			productName = testSwiftUIUITests;
			productReference = D4AF65552AD5C397000C2BFA /* testSwiftUIUITests.xctest */;
			productType = "com.apple.product-type.bundle.ui-testing";
		};
/* End PBXNativeTarget section */

/* Begin PBXProject section */
		D4AF65332AD5C395000C2BFA /* Project object */ = {
			isa = PBXProject;
			attributes = {
				BuildIndependentTargetsInParallel = 1;
				LastSwiftUpdateCheck = 1500;
				LastUpgradeCheck = 1500;
				TargetAttributes = {
					D4AF653A2AD5C395000C2BFA = {
						CreatedOnToolsVersion = 15.0;
					};
					D4AF654A2AD5C397000C2BFA = {
						CreatedOnToolsVersion = 15.0;
						TestTargetID = D4AF653A2AD5C395000C2BFA;
					};
					D4AF65542AD5C397000C2BFA = {
						CreatedOnToolsVersion = 15.0;
						TestTargetID = D4AF653A2AD5C395000C2BFA;
					};
				};
			};
			buildConfigurationList = D4AF65362AD5C395000C2BFA /* Build configuration list for PBXProject "testSwiftUI" */;
			compatibilityVersion = "Xcode 14.0";
			developmentRegion = en;
			hasScannedForEncodings = 0;
			knownRegions = (
				en,
				Base,
			);
			mainGroup = D4AF65322AD5C395000C2BFA;
			productRefGroup = D4AF653C2AD5C395000C2BFA /* Products */;
			projectDirPath = "";
			projectRoot = "";
			targets = (
				D4AF653A2AD5C395000C2BFA /* testSwiftUI */,
				D4AF654A2AD5C397000C2BFA /* testSwiftUITests */,
				D4AF65542AD5C397000C2BFA /* testSwiftUIUITests */,
			);
		};
/* End PBXProject section */

/* Begin PBXResourcesBuildPhase section */
		D4AF65392AD5C395000C2BFA /* Resources */ = {
			isa = PBXResourcesBuildPhase;
			buildActionMask = 2147483647;
			files = (
				D4AF65462AD5C397000C2BFA /* Preview Assets.xcassets in Resources */,
				D4AF65432AD5C397000C2BFA /* Assets.xcassets in Resources */,
			);
			runOnlyForDeploymentPostprocessing = 0;
		};
		D4AF65492AD5C397000C2BFA /* Resources */ = {
			isa = PBXResourcesBuildPhase;
			buildActionMask = 2147483647;
			files = (
			);
			runOnlyForDeploymentPostprocessing = 0;
		};
		D4AF65532AD5C397000C2BFA /* Resources */ = {
			isa = PBXResourcesBuildPhase;
			buildActionMask = 2147483647;
			files = (
			);
			runOnlyForDeploymentPostprocessing = 0;
		};
/* End PBXResourcesBuildPhase section */

/* Begin PBXSourcesBuildPhase section */
		D4AF65372AD5C395000C2BFA /* Sources */ = {
			isa = PBXSourcesBuildPhase;
			buildActionMask = 2147483647;
			files = (
				D4AF65412AD5C395000C2BFA /* ContentView.swift in Sources */,
				D4AF653F2AD5C395000C2BFA /* testSwiftUIApp.swift in Sources */,
			);
			runOnlyForDeploymentPostprocessing = 0;
		};
		D4AF65472AD5C397000C2BFA /* Sources */ = {
			isa = PBXSourcesBuildPhase;
			buildActionMask = 2147483647;
			files = (
				D4AF65502AD5C397000C2BFA /* testSwiftUITests.swift in Sources */,
			);
			runOnlyForDeploymentPostprocessing = 0;
		};
		D4AF65512AD5C397000C2BFA /* Sources */ = {
			isa = PBXSourcesBuildPhase;
			buildActionMask = 2147483647;
			files = (
				D4AF655C2AD5C397000C2BFA /* testSwiftUIUITestsLaunchTests.swift in Sources */,
				D4AF655A2AD5C397000C2BFA /* testSwiftUIUITests.swift in Sources */,
			);
			runOnlyForDeploymentPostprocessing = 0;
		};
/* End PBXSourcesBuildPhase section */

/* Begin PBXTargetDependency section */
		D4AF654D2AD5C397000C2BFA /* PBXTargetDependency */ = {
			isa = PBXTargetDependency;
			target = D4AF653A2AD5C395000C2BFA /* testSwiftUI */;
			targetProxy = D4AF654C2AD5C397000C2BFA /* PBXContainerItemProxy */;
		};
		D4AF65572AD5C397000C2BFA /* PBXTargetDependency */ = {
			isa = PBXTargetDependency;
			target = D4AF653A2AD5C395000C2BFA /* testSwiftUI */;
			targetProxy = D4AF65562AD5C397000C2BFA /* PBXContainerItemProxy */;
		};
/* End PBXTargetDependency section */

/* Begin XCBuildConfiguration section */
		D4AF655D2AD5C397000C2BFA /* Debug */ = {
			isa = XCBuildConfiguration;
			buildSettings = {
				ALWAYS_SEARCH_USER_PATHS = NO;
				ASSETCATALOG_COMPILER_GENERATE_SWIFT_ASSET_SYMBOL_EXTENSIONS = YES;
				CLANG_ANALYZER_NONNULL = YES;
				CLANG_ANALYZER_NUMBER_OBJECT_CONVERSION = YES_AGGRESSIVE;
				CLANG_CXX_LANGUAGE_STANDARD = "gnu++20";
				CLANG_ENABLE_MODULES = YES;
				CLANG_ENABLE_OBJC_ARC = YES;
				CLANG_ENABLE_OBJC_WEAK = YES;
				CLANG_WARN_BLOCK_CAPTURE_AUTORELEASING = YES;
				CLANG_WARN_BOOL_CONVERSION = YES;
				CLANG_WARN_COMMA = YES;
				CLANG_WARN_CONSTANT_CONVERSION = YES;
				CLANG_WARN_DEPRECATED_OBJC_IMPLEMENTATIONS = YES;
				CLANG_WARN_DIRECT_OBJC_ISA_USAGE = YES_ERROR;
				CLANG_WARN_DOCUMENTATION_COMMENTS = YES;
				CLANG_WARN_EMPTY_BODY = YES;
				CLANG_WARN_ENUM_CONVERSION = YES;
				CLANG_WARN_INFINITE_RECURSION = YES;
				CLANG_WARN_INT_CONVERSION = YES;
				CLANG_WARN_NON_LITERAL_NULL_CONVERSION = YES;
				CLANG_WARN_OBJC_IMPLICIT_RETAIN_SELF = YES;
				CLANG_WARN_OBJC_LITERAL_CONVERSION = YES;
				CLANG_WARN_OBJC_ROOT_CLASS = YES_ERROR;
				CLANG_WARN_QUOTED_INCLUDE_IN_FRAMEWORK_HEADER = YES;
				CLANG_WARN_RANGE_LOOP_ANALYSIS = YES;
				CLANG_WARN_STRICT_PROTOTYPES = YES;
				CLANG_WARN_SUSPICIOUS_MOVE = YES;
				CLANG_WARN_UNGUARDED_AVAILABILITY = YES_AGGRESSIVE;
				CLANG_WARN_UNREACHABLE_CODE = YES;
				CLANG_WARN__DUPLICATE_METHOD_MATCH = YES;
				COPY_PHASE_STRIP = NO;
				DEBUG_INFORMATION_FORMAT = dwarf;
				ENABLE_STRICT_OBJC_MSGSEND = YES;
				ENABLE_TESTABILITY = YES;
				ENABLE_USER_SCRIPT_SANDBOXING = YES;
				GCC_C_LANGUAGE_STANDARD = gnu17;
				GCC_DYNAMIC_NO_PIC = NO;
				GCC_NO_COMMON_BLOCKS = YES;
				GCC_OPTIMIZATION_LEVEL = 0;
				GCC_PREPROCESSOR_DEFINITIONS = (
					"DEBUG=1",
					"$(inherited)",
				);
				GCC_WARN_64_TO_32_BIT_CONVERSION = YES;
				GCC_WARN_ABOUT_RETURN_TYPE = YES_ERROR;
				GCC_WARN_UNDECLARED_SELECTOR = YES;
				GCC_WARN_UNINITIALIZED_AUTOS = YES_AGGRESSIVE;
				GCC_WARN_UNUSED_FUNCTION = YES;
				GCC_WARN_UNUSED_VARIABLE = YES;
				IPHONEOS_DEPLOYMENT_TARGET = 17.0;
				LOCALIZATION_PREFERS_STRING_CATALOGS = YES;
				MTL_ENABLE_DEBUG_INFO = INCLUDE_SOURCE;
				MTL_FAST_MATH = YES;
				ONLY_ACTIVE_ARCH = YES;
				SDKROOT = iphoneos;
				SWIFT_ACTIVE_COMPILATION_CONDITIONS = "DEBUG $(inherited)";
				SWIFT_OPTIMIZATION_LEVEL = "-Onone";
			};
			name = Debug;
		};
		D4AF655E2AD5C397000C2BFA /* Release */ = {
			isa = XCBuildConfiguration;
			buildSettings = {
				ALWAYS_SEARCH_USER_PATHS = NO;
				ASSETCATALOG_COMPILER_GENERATE_SWIFT_ASSET_SYMBOL_EXTENSIONS = YES;
				CLANG_ANALYZER_NONNULL = YES;
				CLANG_ANALYZER_NUMBER_OBJECT_CONVERSION = YES_AGGRESSIVE;
				CLANG_CXX_LANGUAGE_STANDARD = "gnu++20";
				CLANG_ENABLE_MODULES = YES;
				CLANG_ENABLE_OBJC_ARC = YES;
				CLANG_ENABLE_OBJC_WEAK = YES;
				CLANG_WARN_BLOCK_CAPTURE_AUTORELEASING = YES;
				CLANG_WARN_BOOL_CONVERSION = YES;
				CLANG_WARN_COMMA = YES;
				CLANG_WARN_CONSTANT_CONVERSION = YES;
				CLANG_WARN_DEPRECATED_OBJC_IMPLEMENTATIONS = YES;
				CLANG_WARN_DIRECT_OBJC_ISA_USAGE = YES_ERROR;
				CLANG_WARN_DOCUMENTATION_COMMENTS = YES;
				CLANG_WARN_EMPTY_BODY = YES;
				CLANG_WARN_ENUM_CONVERSION = YES;
				CLANG_WARN_INFINITE_RECURSION = YES;
				CLANG_WARN_INT_CONVERSION = YES;
				CLANG_WARN_NON_LITERAL_NULL_CONVERSION = YES;
				CLANG_WARN_OBJC_IMPLICIT_RETAIN_SELF = YES;
				CLANG_WARN_OBJC_LITERAL_CONVERSION = YES;
				CLANG_WARN_OBJC_ROOT_CLASS = YES_ERROR;
				CLANG_WARN_QUOTED_INCLUDE_IN_FRAMEWORK_HEADER = YES;
				CLANG_WARN_RANGE_LOOP_ANALYSIS = YES;
				CLANG_WARN_STRICT_PROTOTYPES = YES;
				CLANG_WARN_SUSPICIOUS_MOVE = YES;
				CLANG_WARN_UNGUARDED_AVAILABILITY = YES_AGGRESSIVE;
				CLANG_WARN_UNREACHABLE_CODE = YES;
				CLANG_WARN__DUPLICATE_METHOD_MATCH = YES;
				COPY_PHASE_STRIP = NO;
				DEBUG_INFORMATION_FORMAT = "dwarf-with-dsym";
				ENABLE_NS_ASSERTIONS = NO;
				ENABLE_STRICT_OBJC_MSGSEND = YES;
				ENABLE_USER_SCRIPT_SANDBOXING = YES;
				GCC_C_LANGUAGE_STANDARD = gnu17;
				GCC_NO_COMMON_BLOCKS = YES;
				GCC_WARN_64_TO_32_BIT_CONVERSION = YES;
				GCC_WARN_ABOUT_RETURN_TYPE = YES_ERROR;
				GCC_WARN_UNDECLARED_SELECTOR = YES;
				GCC_WARN_UNINITIALIZED_AUTOS = YES_AGGRESSIVE;
				GCC_WARN_UNUSED_FUNCTION = YES;
				GCC_WARN_UNUSED_VARIABLE = YES;
				IPHONEOS_DEPLOYMENT_TARGET = 17.0;
				LOCALIZATION_PREFERS_STRING_CATALOGS = YES;
				MTL_ENABLE_DEBUG_INFO = NO;
				MTL_FAST_MATH = YES;
				SDKROOT = iphoneos;
				SWIFT_COMPILATION_MODE = wholemodule;
				VALIDATE_PRODUCT = YES;
			};
			name = Release;
		};
		D4AF65602AD5C397000C2BFA /* Debug */ = {
			isa = XCBuildConfiguration;
			buildSettings = {
				ASSETCATALOG_COMPILER_APPICON_NAME = AppIcon;
				ASSETCATALOG_COMPILER_GLOBAL_ACCENT_COLOR_NAME = AccentColor;
				CODE_SIGN_STYLE = Automatic;
				CURRENT_PROJECT_VERSION = 1;
				DEVELOPMENT_ASSET_PATHS = "\"testSwiftUI/Preview Content\"";
				ENABLE_PREVIEWS = YES;
				GENERATE_INFOPLIST_FILE = YES;
				INFOPLIST_KEY_UIApplicationSceneManifest_Generation = YES;
				INFOPLIST_KEY_UIApplicationSupportsIndirectInputEvents = YES;
				INFOPLIST_KEY_UILaunchScreen_Generation = YES;
				INFOPLIST_KEY_UISupportedInterfaceOrientations_iPad = "UIInterfaceOrientationPortrait UIInterfaceOrientationPortraitUpsideDown UIInterfaceOrientationLandscapeLeft UIInterfaceOrientationLandscapeRight";
				INFOPLIST_KEY_UISupportedInterfaceOrientations_iPhone = "UIInterfaceOrientationPortrait UIInterfaceOrientationLandscapeLeft UIInterfaceOrientationLandscapeRight";
				LD_RUNPATH_SEARCH_PATHS = (
					"$(inherited)",
					"@executable_path/Frameworks",
				);
				MARKETING_VERSION = 1.0;
				PRODUCT_BUNDLE_IDENTIFIER = stripeIdentityTest.testSwiftUI;
				PRODUCT_NAME = "$(TARGET_NAME)";
				SWIFT_EMIT_LOC_STRINGS = YES;
				SWIFT_VERSION = 5.0;
				TARGETED_DEVICE_FAMILY = "1,2";
			};
			name = Debug;
		};
		D4AF65612AD5C397000C2BFA /* Release */ = {
			isa = XCBuildConfiguration;
			buildSettings = {
				ASSETCATALOG_COMPILER_APPICON_NAME = AppIcon;
				ASSETCATALOG_COMPILER_GLOBAL_ACCENT_COLOR_NAME = AccentColor;
				CODE_SIGN_STYLE = Automatic;
				CURRENT_PROJECT_VERSION = 1;
				DEVELOPMENT_ASSET_PATHS = "\"testSwiftUI/Preview Content\"";
				ENABLE_PREVIEWS = YES;
				GENERATE_INFOPLIST_FILE = YES;
				INFOPLIST_KEY_UIApplicationSceneManifest_Generation = YES;
				INFOPLIST_KEY_UIApplicationSupportsIndirectInputEvents = YES;
				INFOPLIST_KEY_UILaunchScreen_Generation = YES;
				INFOPLIST_KEY_UISupportedInterfaceOrientations_iPad = "UIInterfaceOrientationPortrait UIInterfaceOrientationPortraitUpsideDown UIInterfaceOrientationLandscapeLeft UIInterfaceOrientationLandscapeRight";
				INFOPLIST_KEY_UISupportedInterfaceOrientations_iPhone = "UIInterfaceOrientationPortrait UIInterfaceOrientationLandscapeLeft UIInterfaceOrientationLandscapeRight";
				LD_RUNPATH_SEARCH_PATHS = (
					"$(inherited)",
					"@executable_path/Frameworks",
				);
				MARKETING_VERSION = 1.0;
				PRODUCT_BUNDLE_IDENTIFIER = stripeIdentityTest.testSwiftUI;
				PRODUCT_NAME = "$(TARGET_NAME)";
				SWIFT_EMIT_LOC_STRINGS = YES;
				SWIFT_VERSION = 5.0;
				TARGETED_DEVICE_FAMILY = "1,2";
			};
			name = Release;
		};
		D4AF65632AD5C397000C2BFA /* Debug */ = {
			isa = XCBuildConfiguration;
			buildSettings = {
				ALWAYS_EMBED_SWIFT_STANDARD_LIBRARIES = YES;
				BUNDLE_LOADER = "$(TEST_HOST)";
				CODE_SIGN_STYLE = Automatic;
				CURRENT_PROJECT_VERSION = 1;
				GENERATE_INFOPLIST_FILE = YES;
				IPHONEOS_DEPLOYMENT_TARGET = 17.0;
				MARKETING_VERSION = 1.0;
				PRODUCT_BUNDLE_IDENTIFIER = stripeIdentityTest.testSwiftUITests;
				PRODUCT_NAME = "$(TARGET_NAME)";
				SWIFT_EMIT_LOC_STRINGS = NO;
				SWIFT_VERSION = 5.0;
				TARGETED_DEVICE_FAMILY = "1,2";
				TEST_HOST = "$(BUILT_PRODUCTS_DIR)/testSwiftUI.app/$(BUNDLE_EXECUTABLE_FOLDER_PATH)/testSwiftUI";
			};
			name = Debug;
		};
		D4AF65642AD5C397000C2BFA /* Release */ = {
			isa = XCBuildConfiguration;
			buildSettings = {
				ALWAYS_EMBED_SWIFT_STANDARD_LIBRARIES = YES;
				BUNDLE_LOADER = "$(TEST_HOST)";
				CODE_SIGN_STYLE = Automatic;
				CURRENT_PROJECT_VERSION = 1;
				GENERATE_INFOPLIST_FILE = YES;
				IPHONEOS_DEPLOYMENT_TARGET = 17.0;
				MARKETING_VERSION = 1.0;
				PRODUCT_BUNDLE_IDENTIFIER = stripeIdentityTest.testSwiftUITests;
				PRODUCT_NAME = "$(TARGET_NAME)";
				SWIFT_EMIT_LOC_STRINGS = NO;
				SWIFT_VERSION = 5.0;
				TARGETED_DEVICE_FAMILY = "1,2";
				TEST_HOST = "$(BUILT_PRODUCTS_DIR)/testSwiftUI.app/$(BUNDLE_EXECUTABLE_FOLDER_PATH)/testSwiftUI";
			};
			name = Release;
		};
		D4AF65662AD5C397000C2BFA /* Debug */ = {
			isa = XCBuildConfiguration;
			buildSettings = {
				ALWAYS_EMBED_SWIFT_STANDARD_LIBRARIES = YES;
				CODE_SIGN_STYLE = Automatic;
				CURRENT_PROJECT_VERSION = 1;
				GENERATE_INFOPLIST_FILE = YES;
				MARKETING_VERSION = 1.0;
				PRODUCT_BUNDLE_IDENTIFIER = stripeIdentityTest.testSwiftUIUITests;
				PRODUCT_NAME = "$(TARGET_NAME)";
				SWIFT_EMIT_LOC_STRINGS = NO;
				SWIFT_VERSION = 5.0;
				TARGETED_DEVICE_FAMILY = "1,2";
				TEST_TARGET_NAME = testSwiftUI;
			};
			name = Debug;
		};
		D4AF65672AD5C397000C2BFA /* Release */ = {
			isa = XCBuildConfiguration;
			buildSettings = {
				ALWAYS_EMBED_SWIFT_STANDARD_LIBRARIES = YES;
				CODE_SIGN_STYLE = Automatic;
				CURRENT_PROJECT_VERSION = 1;
				GENERATE_INFOPLIST_FILE = YES;
				MARKETING_VERSION = 1.0;
				PRODUCT_BUNDLE_IDENTIFIER = stripeIdentityTest.testSwiftUIUITests;
				PRODUCT_NAME = "$(TARGET_NAME)";
				SWIFT_EMIT_LOC_STRINGS = NO;
				SWIFT_VERSION = 5.0;
				TARGETED_DEVICE_FAMILY = "1,2";
				TEST_TARGET_NAME = testSwiftUI;
			};
			name = Release;
		};
/* End XCBuildConfiguration section */

/* Begin XCConfigurationList section */
		D4AF65362AD5C395000C2BFA /* Build configuration list for PBXProject "testSwiftUI" */ = {
			isa = XCConfigurationList;
			buildConfigurations = (
				D4AF655D2AD5C397000C2BFA /* Debug */,
				D4AF655E2AD5C397000C2BFA /* Release */,
			);
			defaultConfigurationIsVisible = 0;
			defaultConfigurationName = Release;
		};
		D4AF655F2AD5C397000C2BFA /* Build configuration list for PBXNativeTarget "testSwiftUI" */ = {
			isa = XCConfigurationList;
			buildConfigurations = (
				D4AF65602AD5C397000C2BFA /* Debug */,
				D4AF65612AD5C397000C2BFA /* Release */,
			);
			defaultConfigurationIsVisible = 0;
			defaultConfigurationName = Release;
		};
		D4AF65622AD5C397000C2BFA /* Build configuration list for PBXNativeTarget "testSwiftUITests" */ = {
			isa = XCConfigurationList;
			buildConfigurations = (
				D4AF65632AD5C397000C2BFA /* Debug */,
				D4AF65642AD5C397000C2BFA /* Release */,
			);
			defaultConfigurationIsVisible = 0;
			defaultConfigurationName = Release;
		};
		D4AF65652AD5C397000C2BFA /* Build configuration list for PBXNativeTarget "testSwiftUIUITests" */ = {
			isa = XCConfigurationList;
			buildConfigurations = (
				D4AF65662AD5C397000C2BFA /* Debug */,
				D4AF65672AD5C397000C2BFA /* Release */,
			);
			defaultConfigurationIsVisible = 0;
			defaultConfigurationName = Release;
		};
/* End XCConfigurationList section */
	};
	rootObject = D4AF65332AD5C395000C2BFA /* Project object */;
}
